
Microsoft Visual Studio Solution File, Format Version 12.00
# Visual Studio Version 16
VisualStudioVersion = 16.0.29424.173
MinimumVisualStudioVersion = 10.0.40219.1
Project("{FAE04EC0-301F-11D3-BF4B-00C04F79EFBC}") = "MiFareCard", "MiFareCard\MiFareCard.csproj", "{77D98638-15EF-4C77-B028-833A7E84ED74}"
EndProject
Global
	GlobalSection(SolutionConfigurationPlatforms) = preSolution
		Debug|Any CPU = Debug|Any CPU
		Release|Any CPU = Release|Any CPU
	EndGlobalSection
	GlobalSection(ProjectConfigurationPlatforms) = postSolution
		{77D98638-15EF-4C77-B028-833A7E84ED74}.Debug|Any CPU.ActiveCfg = Debug|Any CPU
		{77D98638-15EF-4C77-B028-833A7E84ED74}.Debug|Any CPU.Build.0 = Debug|Any CPU
		{77D98638-15EF-4C77-B028-833A7E84ED74}.Release|Any CPU.ActiveCfg = Release|Any CPU
		{77D98638-15EF-4C77-B028-833A7E84ED74}.Release|Any CPU.Build.0 = Release|Any CPU
	EndGlobalSection
	GlobalSection(SolutionProperties) = preSolution
		HideSolutionNode = FALSE
	EndGlobalSection
	GlobalSection(ExtensibilityGlobals) = postSolution
		SolutionGuid = {7A02A58F-2476-4DB9-A0E5-5E942778097A}
	EndGlobalSection
EndGlobal
